// !$*UTF8*$!
{
	archiveVersion = 1;
	classes = {
	};
	objectVersion = 46;
	objects = {

/* Begin PBXBuildFile section */
		75B27C0817F29DC400D86FDF /* Foundation.framework in Frameworks */ = {isa = PBXBuildFile; fileRef = 75B27C0717F29DC400D86FDF /* Foundation.framework */; };
		75B27C0B17F29DC400D86FDF /* main.m in Sources */ = {isa = PBXBuildFile; fileRef = 75B27C0A17F29DC400D86FDF /* main.m */; };
		75B27C0F17F29DC400D86FDF /* cadiff.1 in CopyFiles */ = {isa = PBXBuildFile; fileRef = 75B27C0E17F29DC400D86FDF /* cadiff.1 */; };
		75B27C1A17F2BC8700D86FDF /* libcommonCrypto.dylib in Frameworks */ = {isa = PBXBuildFile; fileRef = 75B27C1917F2BC8700D86FDF /* libcommonCrypto.dylib */; };
/* End PBXBuildFile section */

/* Begin PBXCopyFilesBuildPhase section */
		75B27C0217F29DC400D86FDF /* CopyFiles */ = {
			isa = PBXCopyFilesBuildPhase;
			buildActionMask = 2147483647;
			dstPath = /usr/share/man/man1/;
			dstSubfolderSpec = 0;
			files = (
				75B27C0F17F29DC400D86FDF /* cadiff.1 in CopyFiles */,
			);
			runOnlyForDeploymentPostprocessing = 1;
		};
/* End PBXCopyFilesBuildPhase section */

/* Begin PBXFileReference section */
		75B27C0417F29DC400D86FDF /* cadiff */ = {isa = PBXFileReference; explicitFileType = "compiled.mach-o.executable"; includeInIndex = 0; path = cadiff; sourceTree = BUILT_PRODUCTS_DIR; };
		75B27C0717F29DC400D86FDF /* Foundation.framework */ = {isa = PBXFileReference; lastKnownFileType = wrapper.framework; name = Foundation.framework; path = System/Library/Frameworks/Foundation.framework; sourceTree = SDKROOT; };
		75B27C0A17F29DC400D86FDF /* main.m */ = {isa = PBXFileReference; lastKnownFileType = sourcecode.c.objc; path = main.m; sourceTree = "<group>"; };
		75B27C0D17F29DC400D86FDF /* cadiff-Prefix.pch */ = {isa = PBXFileReference; lastKnownFileType = sourcecode.c.h; path = "cadiff-Prefix.pch"; sourceTree = "<group>"; };
		75B27C0E17F29DC400D86FDF /* cadiff.1 */ = {isa = PBXFileReference; lastKnownFileType = text.man; path = cadiff.1; sourceTree = "<group>"; };
		75B27C1517F2AB9800D86FDF /* libssl.dylib */ = {isa = PBXFileReference; lastKnownFileType = "compiled.mach-o.dylib"; name = libssl.dylib; path = usr/lib/libssl.dylib; sourceTree = SDKROOT; };
		75B27C1717F2AC0E00D86FDF /* libcrypto.dylib */ = {isa = PBXFileReference; lastKnownFileType = "compiled.mach-o.dylib"; name = libcrypto.dylib; path = usr/lib/libcrypto.dylib; sourceTree = SDKROOT; };
		75B27C1917F2BC8700D86FDF /* libcommonCrypto.dylib */ = {isa = PBXFileReference; lastKnownFileType = "compiled.mach-o.dylib"; name = libcommonCrypto.dylib; path = usr/lib/system/libcommonCrypto.dylib; sourceTree = SDKROOT; };
/* End PBXFileReference section */

/* Begin PBXFrameworksBuildPhase section */
		75B27C0117F29DC400D86FDF /* Frameworks */ = {
			isa = PBXFrameworksBuildPhase;
			buildActionMask = 2147483647;
			files = (
				75B27C1A17F2BC8700D86FDF /* libcommonCrypto.dylib in Frameworks */,
				75B27C0817F29DC400D86FDF /* Foundation.framework in Frameworks */,
			);
			runOnlyForDeploymentPostprocessing = 0;
		};
/* End PBXFrameworksBuildPhase section */

/* Begin PBXGroup section */
		75B27BFB17F29DC400D86FDF = {
			isa = PBXGroup;
			children = (
				75B27C0917F29DC400D86FDF /* cadiff */,
				75B27C0617F29DC400D86FDF /* Frameworks */,
				75B27C0517F29DC400D86FDF /* Products */,
			);
			sourceTree = "<group>";
		};
		75B27C0517F29DC400D86FDF /* Products */ = {
			isa = PBXGroup;
			children = (
				75B27C0417F29DC400D86FDF /* cadiff */,
			);
			name = Products;
			sourceTree = "<group>";
		};
		75B27C0617F29DC400D86FDF /* Frameworks */ = {
			isa = PBXGroup;
			children = (
				75B27C1917F2BC8700D86FDF /* libcommonCrypto.dylib */,
				75B27C1717F2AC0E00D86FDF /* libcrypto.dylib */,
				75B27C1517F2AB9800D86FDF /* libssl.dylib */,
				75B27C0717F29DC400D86FDF /* Foundation.framework */,
			);
			name = Frameworks;
			sourceTree = "<group>";
		};
		75B27C0917F29DC400D86FDF /* cadiff */ = {
			isa = PBXGroup;
			children = (
				75B27C0A17F29DC400D86FDF /* main.m */,
				75B27C0E17F29DC400D86FDF /* cadiff.1 */,
				75B27C0C17F29DC400D86FDF /* Supporting Files */,
			);
			path = cadiff;
			sourceTree = "<group>";
		};
		75B27C0C17F29DC400D86FDF /* Supporting Files */ = {
			isa = PBXGroup;
			children = (
				75B27C0D17F29DC400D86FDF /* cadiff-Prefix.pch */,
			);
			name = "Supporting Files";
			sourceTree = "<group>";
		};
/* End PBXGroup section */

/* Begin PBXNativeTarget section */
		75B27C0317F29DC400D86FDF /* cadiff */ = {
			isa = PBXNativeTarget;
			buildConfigurationList = 75B27C1217F29DC400D86FDF /* Build configuration list for PBXNativeTarget "cadiff" */;
			buildPhases = (
				75B27C0017F29DC400D86FDF /* Sources */,
				75B27C0117F29DC400D86FDF /* Frameworks */,
				75B27C0217F29DC400D86FDF /* CopyFiles */,
			);
			buildRules = (
			);
			dependencies = (
			);
			name = cadiff;
			productName = cadiff;
			productReference = 75B27C0417F29DC400D86FDF /* cadiff */;
			productType = "com.apple.product-type.tool";
		};
/* End PBXNativeTarget section */

/* Begin PBXProject section */
		75B27BFC17F29DC400D86FDF /* Project object */ = {
			isa = PBXProject;
			attributes = {
				LastUpgradeCheck = 0500;
				ORGANIZATIONNAME = "Wade Tregaskis";
			};
			buildConfigurationList = 75B27BFF17F29DC400D86FDF /* Build configuration list for PBXProject "cadiff" */;
			compatibilityVersion = "Xcode 3.2";
			developmentRegion = English;
			hasScannedForEncodings = 0;
			knownRegions = (
				en,
			);
			mainGroup = 75B27BFB17F29DC400D86FDF;
			productRefGroup = 75B27C0517F29DC400D86FDF /* Products */;
			projectDirPath = "";
			projectRoot = "";
			targets = (
				75B27C0317F29DC400D86FDF /* cadiff */,
			);
		};
/* End PBXProject section */

/* Begin PBXSourcesBuildPhase section */
		75B27C0017F29DC400D86FDF /* Sources */ = {
			isa = PBXSourcesBuildPhase;
			buildActionMask = 2147483647;
			files = (
				75B27C0B17F29DC400D86FDF /* main.m in Sources */,
			);
			runOnlyForDeploymentPostprocessing = 0;
		};
/* End PBXSourcesBuildPhase section */

/* Begin XCBuildConfiguration section */
		75B27C1017F29DC400D86FDF /* Debug */ = {
			isa = XCBuildConfiguration;
			buildSettings = {
				ALWAYS_SEARCH_USER_PATHS = NO;
				CLANG_CXX_LANGUAGE_STANDARD = "gnu++0x";
				CLANG_CXX_LIBRARY = "libc++";
				CLANG_ENABLE_OBJC_ARC = YES;
				CLANG_WARN_BOOL_CONVERSION = YES;
				CLANG_WARN_CONSTANT_CONVERSION = YES;
				CLANG_WARN_DIRECT_OBJC_ISA_USAGE = YES_ERROR;
				CLANG_WARN_EMPTY_BODY = YES;
				CLANG_WARN_ENUM_CONVERSION = YES;
				CLANG_WARN_INT_CONVERSION = YES;
				CLANG_WARN_OBJC_ROOT_CLASS = YES_ERROR;
				CLANG_WARN__DUPLICATE_METHOD_MATCH = YES;
				COPY_PHASE_STRIP = NO;
				GCC_C_LANGUAGE_STANDARD = gnu99;
				GCC_DYNAMIC_NO_PIC = NO;
				GCC_ENABLE_OBJC_EXCEPTIONS = YES;
				GCC_OPTIMIZATION_LEVEL = 0;
				GCC_PREPROCESSOR_DEFINITIONS = (
					"DEBUG=1",
					"$(inherited)",
				);
				GCC_SYMBOLS_PRIVATE_EXTERN = NO;
				GCC_WARN_64_TO_32_BIT_CONVERSION = YES;
				GCC_WARN_ABOUT_RETURN_TYPE = YES_ERROR;
				GCC_WARN_UNDECLARED_SELECTOR = YES;
				GCC_WARN_UNINITIALIZED_AUTOS = YES;
				GCC_WARN_UNUSED_FUNCTION = YES;
				GCC_WARN_UNUSED_VARIABLE = YES;
				MACOSX_DEPLOYMENT_TARGET = 10.8;
				ONLY_ACTIVE_ARCH = YES;
				SDKROOT = macosx;
			};
			name = Debug;
		};
		75B27C1117F29DC400D86FDF /* Release */ = {
			isa = XCBuildConfiguration;
			buildSettings = {
				ALWAYS_SEARCH_USER_PATHS = NO;
				CLANG_CXX_LANGUAGE_STANDARD = "gnu++0x";
				CLANG_CXX_LIBRARY = "libc++";
				CLANG_ENABLE_OBJC_ARC = YES;
				CLANG_WARN_BOOL_CONVERSION = YES;
				CLANG_WARN_CONSTANT_CONVERSION = YES;
				CLANG_WARN_DIRECT_OBJC_ISA_USAGE = YES_ERROR;
				CLANG_WARN_EMPTY_BODY = YES;
				CLANG_WARN_ENUM_CONVERSION = YES;
				CLANG_WARN_INT_CONVERSION = YES;
				CLANG_WARN_OBJC_ROOT_CLASS = YES_ERROR;
				CLANG_WARN__DUPLICATE_METHOD_MATCH = YES;
				COPY_PHASE_STRIP = YES;
				DEBUG_INFORMATION_FORMAT = "dwarf-with-dsym";
				ENABLE_NS_ASSERTIONS = NO;
				GCC_C_LANGUAGE_STANDARD = gnu99;
				GCC_ENABLE_OBJC_EXCEPTIONS = YES;
				GCC_WARN_64_TO_32_BIT_CONVERSION = YES;
				GCC_WARN_ABOUT_RETURN_TYPE = YES_ERROR;
				GCC_WARN_UNDECLARED_SELECTOR = YES;
				GCC_WARN_UNINITIALIZED_AUTOS = YES;
				GCC_WARN_UNUSED_FUNCTION = YES;
				GCC_WARN_UNUSED_VARIABLE = YES;
				MACOSX_DEPLOYMENT_TARGET = 10.8;
				SDKROOT = macosx;
			};
			name = Release;
		};
		75B27C1317F29DC400D86FDF /* Debug */ = {
			isa = XCBuildConfiguration;
			buildSettings = {
				GCC_PRECOMPILE_PREFIX_HEADER = YES;
				GCC_PREFIX_HEADER = "cadiff/cadiff-Prefix.pch";
				LIBRARY_SEARCH_PATHS = (
					"$(inherited)",
					"$(SDKROOT)/usr/lib/system",
				);
				PRODUCT_NAME = "$(TARGET_NAME)";
			};
			name = Debug;
		};
		75B27C1417F29DC400D86FDF /* Release */ = {
			isa = XCBuildConfiguration;
			buildSettings = {
				GCC_PRECOMPILE_PREFIX_HEADER = YES;
				GCC_PREFIX_HEADER = "cadiff/cadiff-Prefix.pch";
				LIBRARY_SEARCH_PATHS = (
					"$(inherited)",
					"$(SDKROOT)/usr/lib/system",
				);
				PRODUCT_NAME = "$(TARGET_NAME)";
			};
			name = Release;
		};
/* End XCBuildConfiguration section */

/* Begin XCConfigurationList section */
		75B27BFF17F29DC400D86FDF /* Build configuration list for PBXProject "cadiff" */ = {
			isa = XCConfigurationList;
			buildConfigurations = (
				75B27C1017F29DC400D86FDF /* Debug */,
				75B27C1117F29DC400D86FDF /* Release */,
			);
			defaultConfigurationIsVisible = 0;
			defaultConfigurationName = Release;
		};
		75B27C1217F29DC400D86FDF /* Build configuration list for PBXNativeTarget "cadiff" */ = {
			isa = XCConfigurationList;
			buildConfigurations = (
				75B27C1317F29DC400D86FDF /* Debug */,
				75B27C1417F29DC400D86FDF /* Release */,
			);
			defaultConfigurationIsVisible = 0;
		};
/* End XCConfigurationList section */
	};
	rootObject = 75B27BFC17F29DC400D86FDF /* Project object */;
}
